
Microsoft Visual Studio Solution File, Format Version 12.00
# Visual Studio Version 16
VisualStudioVersion = 16.0.31005.135
MinimumVisualStudioVersion = 10.0.40219.1
Project("{8BC9CEB8-8B4A-11D0-8D11-00A0C91BC942}") = "lab3_2", "lab3_2\lab3_2.vcxproj", "{13428D2F-1F72-4E3D-85BA-B9634E52F916}"
EndProject
Global
	GlobalSection(SolutionConfigurationPlatforms) = preSolution
		Debug|x64 = Debug|x64
		Debug|x86 = Debug|x86
		Release|x64 = Release|x64
		Release|x86 = Release|x86
	EndGlobalSection
	GlobalSection(ProjectConfigurationPlatforms) = postSolution
		{13428D2F-1F72-4E3D-85BA-B9634E52F916}.Debug|x64.ActiveCfg = Debug|x64
		{13428D2F-1F72-4E3D-85BA-B9634E52F916}.Debug|x64.Build.0 = Debug|x64
		{13428D2F-1F72-4E3D-85BA-B9634E52F916}.Debug|x86.ActiveCfg = Debug|Win32
		{13428D2F-1F72-4E3D-85BA-B9634E52F916}.Debug|x86.Build.0 = Debug|Win32
		{13428D2F-1F72-4E3D-85BA-B9634E52F916}.Release|x64.ActiveCfg = Release|x64
		{13428D2F-1F72-4E3D-85BA-B9634E52F916}.Release|x64.Build.0 = Release|x64
		{13428D2F-1F72-4E3D-85BA-B9634E52F916}.Release|x86.ActiveCfg = Release|Win32
		{13428D2F-1F72-4E3D-85BA-B9634E52F916}.Release|x86.Build.0 = Release|Win32
	EndGlobalSection
	GlobalSection(SolutionProperties) = preSolution
		HideSolutionNode = FALSE
	EndGlobalSection
	GlobalSection(ExtensibilityGlobals) = postSolution
		SolutionGuid = {5CFF195A-296F-4FCE-923C-D2F3E25E94FC}
	EndGlobalSection
EndGlobal
